
Microsoft Visual Studio Solution File, Format Version 12.00
# Visual Studio Version 17
VisualStudioVersion = 17.7.34031.279
MinimumVisualStudioVersion = 10.0.40219.1
Project("{FAE04EC0-301F-11D3-BF4B-00C04F79EFBC}") = "Pascal triangle", "Pascal triangle\Pascal triangle.csproj", "{1C12A481-31B5-42C5-BADA-D65A6A898D5D}"
EndProject
Global
	GlobalSection(SolutionConfigurationPlatforms) = preSolution
		Debug|Any CPU = Debug|Any CPU
		Release|Any CPU = Release|Any CPU
	EndGlobalSection
	GlobalSection(ProjectConfigurationPlatforms) = postSolution
		{1C12A481-31B5-42C5-BADA-D65A6A898D5D}.Debug|Any CPU.ActiveCfg = Debug|Any CPU
		{1C12A481-31B5-42C5-BADA-D65A6A898D5D}.Debug|Any CPU.Build.0 = Debug|Any CPU
		{1C12A481-31B5-42C5-BADA-D65A6A898D5D}.Release|Any CPU.ActiveCfg = Release|Any CPU
		{1C12A481-31B5-42C5-BADA-D65A6A898D5D}.Release|Any CPU.Build.0 = Release|Any CPU
	EndGlobalSection
	GlobalSection(SolutionProperties) = preSolution
		HideSolutionNode = FALSE
	EndGlobalSection
	GlobalSection(ExtensibilityGlobals) = postSolution
		SolutionGuid = {F664CA7F-A14B-4E96-857D-C856D693D157}
	EndGlobalSection
EndGlobal
